
Microsoft Visual Studio Solution File, Format Version 12.00
# Visual Studio Version 16
VisualStudioVersion = 16.0.31613.86
MinimumVisualStudioVersion = 10.0.40219.1
Project("{9A19103F-16F7-4668-BE54-9A1E7A4F7556}") = "Api", "Api\Api.csproj", "{67D9113B-B1F9-4FB5-AEDF-9CBD4402BF78}"
EndProject
Project("{9A19103F-16F7-4668-BE54-9A1E7A4F7556}") = "Data", "Data\Data.csproj", "{4C992019-DB5D-4CCD-B497-53EFB3163FFB}"
EndProject
Project("{9A19103F-16F7-4668-BE54-9A1E7A4F7556}") = "Business", "Business\Business.csproj", "{875E103E-87BA-4B15-9EAE-6AC5910F177C}"
EndProject
Project("{FAE04EC0-301F-11D3-BF4B-00C04F79EFBC}") = "Application", "Application\Application.csproj", "{5C8F22E9-DC63-40E9-86BA-6897447B254B}"
EndProject
Global
	GlobalSection(SolutionConfigurationPlatforms) = preSolution
		Debug|Any CPU = Debug|Any CPU
		Release|Any CPU = Release|Any CPU
	EndGlobalSection
	GlobalSection(ProjectConfigurationPlatforms) = postSolution
		{67D9113B-B1F9-4FB5-AEDF-9CBD4402BF78}.Debug|Any CPU.ActiveCfg = Debug|Any CPU
		{67D9113B-B1F9-4FB5-AEDF-9CBD4402BF78}.Debug|Any CPU.Build.0 = Debug|Any CPU
		{67D9113B-B1F9-4FB5-AEDF-9CBD4402BF78}.Release|Any CPU.ActiveCfg = Release|Any CPU
		{67D9113B-B1F9-4FB5-AEDF-9CBD4402BF78}.Release|Any CPU.Build.0 = Release|Any CPU
		{4C992019-DB5D-4CCD-B497-53EFB3163FFB}.Debug|Any CPU.ActiveCfg = Debug|Any CPU
		{4C992019-DB5D-4CCD-B497-53EFB3163FFB}.Debug|Any CPU.Build.0 = Debug|Any CPU
		{4C992019-DB5D-4CCD-B497-53EFB3163FFB}.Release|Any CPU.ActiveCfg = Release|Any CPU
		{4C992019-DB5D-4CCD-B497-53EFB3163FFB}.Release|Any CPU.Build.0 = Release|Any CPU
		{875E103E-87BA-4B15-9EAE-6AC5910F177C}.Debug|Any CPU.ActiveCfg = Debug|Any CPU
		{875E103E-87BA-4B15-9EAE-6AC5910F177C}.Debug|Any CPU.Build.0 = Debug|Any CPU
		{875E103E-87BA-4B15-9EAE-6AC5910F177C}.Release|Any CPU.ActiveCfg = Release|Any CPU
		{875E103E-87BA-4B15-9EAE-6AC5910F177C}.Release|Any CPU.Build.0 = Release|Any CPU
		{5C8F22E9-DC63-40E9-86BA-6897447B254B}.Debug|Any CPU.ActiveCfg = Debug|Any CPU
		{5C8F22E9-DC63-40E9-86BA-6897447B254B}.Debug|Any CPU.Build.0 = Debug|Any CPU
		{5C8F22E9-DC63-40E9-86BA-6897447B254B}.Release|Any CPU.ActiveCfg = Release|Any CPU
		{5C8F22E9-DC63-40E9-86BA-6897447B254B}.Release|Any CPU.Build.0 = Release|Any CPU
	EndGlobalSection
	GlobalSection(SolutionProperties) = preSolution
		HideSolutionNode = FALSE
	EndGlobalSection
	GlobalSection(ExtensibilityGlobals) = postSolution
		SolutionGuid = {B3385670-5C91-4E55-9FA3-FE8E66D1CD26}
	EndGlobalSection
EndGlobal
